
Microsoft Visual Studio Solution File, Format Version 12.00
# Visual Studio Version 17
VisualStudioVersion = 17.3.32901.215
MinimumVisualStudioVersion = 10.0.40219.1
Project("{FAE04EC0-301F-11D3-BF4B-00C04F79EFBC}") = "Cameron.AdventureGame.WinHost", "Cameron.AdventureGame.WinHost\Cameron.AdventureGame.WinHost.csproj", "{37EE10EC-E5B2-4291-82E9-24074CD551BF}"
EndProject
Global
	GlobalSection(SolutionConfigurationPlatforms) = preSolution
		Debug|Any CPU = Debug|Any CPU
		Release|Any CPU = Release|Any CPU
	EndGlobalSection
	GlobalSection(ProjectConfigurationPlatforms) = postSolution
		{37EE10EC-E5B2-4291-82E9-24074CD551BF}.Debug|Any CPU.ActiveCfg = Debug|Any CPU
		{37EE10EC-E5B2-4291-82E9-24074CD551BF}.Debug|Any CPU.Build.0 = Debug|Any CPU
		{37EE10EC-E5B2-4291-82E9-24074CD551BF}.Release|Any CPU.ActiveCfg = Release|Any CPU
		{37EE10EC-E5B2-4291-82E9-24074CD551BF}.Release|Any CPU.Build.0 = Release|Any CPU
	EndGlobalSection
	GlobalSection(SolutionProperties) = preSolution
		HideSolutionNode = FALSE
	EndGlobalSection
	GlobalSection(ExtensibilityGlobals) = postSolution
		SolutionGuid = {F34C02DF-A70A-4B72-A2F8-266FBC4E9B7F}
	EndGlobalSection
EndGlobal
