
Microsoft Visual Studio Solution File, Format Version 12.00
# Visual Studio Version 17
VisualStudioVersion = 17.2.32630.192
MinimumVisualStudioVersion = 10.0.40219.1
Project("{9A19103F-16F7-4668-BE54-9A1E7A4F7556}") = "MovieLibrary.ConsoleHost", "MovieLibrary.ConsoleHost\MovieLibrary.ConsoleHost.csproj", "{1E69A5E6-11A7-4589-B1B4-2BE31E1788AF}"
EndProject
Project("{FAE04EC0-301F-11D3-BF4B-00C04F79EFBC}") = "MovieLibrary", "MovieLibrary\MovieLibrary.csproj", "{D811047D-E0AB-42F6-9800-732399C815CA}"
EndProject
Global
	GlobalSection(SolutionConfigurationPlatforms) = preSolution
		Debug|Any CPU = Debug|Any CPU
		Release|Any CPU = Release|Any CPU
	EndGlobalSection
	GlobalSection(ProjectConfigurationPlatforms) = postSolution
		{1E69A5E6-11A7-4589-B1B4-2BE31E1788AF}.Debug|Any CPU.ActiveCfg = Debug|Any CPU
		{1E69A5E6-11A7-4589-B1B4-2BE31E1788AF}.Debug|Any CPU.Build.0 = Debug|Any CPU
		{1E69A5E6-11A7-4589-B1B4-2BE31E1788AF}.Release|Any CPU.ActiveCfg = Release|Any CPU
		{1E69A5E6-11A7-4589-B1B4-2BE31E1788AF}.Release|Any CPU.Build.0 = Release|Any CPU
		{D811047D-E0AB-42F6-9800-732399C815CA}.Debug|Any CPU.ActiveCfg = Debug|Any CPU
		{D811047D-E0AB-42F6-9800-732399C815CA}.Debug|Any CPU.Build.0 = Debug|Any CPU
		{D811047D-E0AB-42F6-9800-732399C815CA}.Release|Any CPU.ActiveCfg = Release|Any CPU
		{D811047D-E0AB-42F6-9800-732399C815CA}.Release|Any CPU.Build.0 = Release|Any CPU
	EndGlobalSection
	GlobalSection(SolutionProperties) = preSolution
		HideSolutionNode = FALSE
	EndGlobalSection
	GlobalSection(ExtensibilityGlobals) = postSolution
		SolutionGuid = {3CE0987C-EF96-48FE-B334-95501B3F2F0F}
	EndGlobalSection
EndGlobal
